        # Generated by pub. See: http://pub.dartlang.org/doc/glossary.html#lockfile
         {"packages":{"asset_pack":{"version":"0.5.0","source":"git","description":{"url":"https://github.com/johnmccutchan/asset_pack.git","ref":null,"resolved-ref":"9b8339d80e581bbf102e57c456ff60469516df56"}},"game_loop":{"version":"0.7.1","source":"hosted","description":"game_loop"},"browser":{"version":"0.4.1","source":"hosted","description":"browser"},"unittest":{"version":"0.4.1","source":"hosted","description":"unittest"},"meta":{"version":"0.4.1+1","source":"hosted","description":"meta"}}}
        